<?xml version="1.0" encoding="UTF-8"?>
<CONFIG>
  <ProjectOptions>
    <Version Value="12"/>
    <General>
      <Flags>
        <MainUnitHasUsesSectionForAllUnits Value="False"/>
      </Flags>
      <SessionStorage Value="InProjectDir"/>
      <Title Value="Freelancer: Sirius Revival – Launcher"/>
      <Scaled Value="True"/>
      <ResourceType Value="res"/>
      <UseXPManifest Value="True"/>
      <XPManifest>
        <DpiAware Value="True"/>
        <TextName Value="Freelancer: Sirius Revival – Launcher"/>
        <TextDesc Value="Installer and launcher for Freelancer: Sirius Revival"/>
      </XPManifest>
      <Icon Value="0"/>
      <Resources Count="23">
        <Resource_0 FileName="resources/accounts_64.png" Type="RCDATA" ResourceName="ACCOUNTS"/>
        <Resource_1 FileName="resources/close_32_selected.png" Type="RCDATA" ResourceName="CLOSE_SELECTED"/>
        <Resource_2 FileName="resources/close_32.png" Type="RCDATA" ResourceName="CLOSE"/>
        <Resource_3 FileName="resources/minimize_32_selected.png" Type="RCDATA" ResourceName="MINIMIZE_SELECTED"/>
        <Resource_4 FileName="resources/minimize_32.png" Type="RCDATA" ResourceName="MINIMIZE"/>
        <Resource_5 FileName="resources/background_1280x960.jpg" Type="RCDATA" ResourceName="BACKGROUND"/>
        <Resource_6 FileName="resources/title.png" Type="RCDATA" ResourceName="TITLE"/>
        <Resource_7 FileName="resources/frame_bottomright.png" Type="RCDATA" ResourceName="FRAME_BOTTOMRIGHT"/>
        <Resource_8 FileName="resources/frame_topright.png" Type="RCDATA" ResourceName="FRAME_TOPRIGHT"/>
        <Resource_9 FileName="resources/accounts_64_selected.png" Type="RCDATA" ResourceName="ACCOUNTS_SELECTED"/>
        <Resource_10 FileName="resources/frame.png" Type="RCDATA" ResourceName="FRAME"/>
        <Resource_11 FileName="resources/title2.png" Type="RCDATA" ResourceName="TITLE2"/>
        <Resource_12 FileName="resources/Background_Community_FLSR.png" Type="RCDATA" ResourceName="FLSR"/>
        <Resource_13 FileName="resources/Background_Community_FGC.png" Type="RCDATA" ResourceName="FGC"/>
        <Resource_14 FileName="resources/Background_Community_TSP.png" Type="RCDATA" ResourceName="TSP"/>
        <Resource_15 FileName="resources/title3.png" Type="RCDATA" ResourceName="TITLE3"/>
        <Resource_16 FileName="resources/AgencyB.TTF" Type="RCDATA" ResourceName="AGENCYB"/>
        <Resource_17 FileName="resources/main_button_selected.png" Type="RCDATA" ResourceName="MAIN_BUTTON_SELECTED"/>
        <Resource_18 FileName="resources/main_button.png" Type="RCDATA" ResourceName="MAIN_BUTTON"/>
        <Resource_19 FileName="resources/AgencyR.TTF" Type="RCDATA" ResourceName="AGENCYR"/>
        <Resource_20 FileName="resources/VIBROCEN.TTF" Type="RCDATA" ResourceName="VIBROCEN"/>
        <Resource_21 FileName="resources/mouse.png" Type="RCDATA" ResourceName="MOUSE"/>
        <Resource_22 FileName="resources/move.png" Type="RCDATA" ResourceName="MOVE"/>
      </Resources>
    </General>
    <VersionInfo>
      <UseVersionInfo Value="True"/>
      <MajorVersionNr Value="1"/>
    </VersionInfo>
    <BuildModes>
      <Item Name="Debug-Linux-x64" Default="True"/>
      <Item Name="Debug-Windows-x64">
        <CompilerOptions>
          <Version Value="11"/>
          <Target>
            <Filename Value="debug-$(TargetOS)-$(TargetCPU)"/>
          </Target>
          <SearchPaths>
            <IncludeFiles Value="$(ProjOutDir)"/>
            <OtherUnitFiles Value="LZMA.442b/compression/LZMA;LZMA.442b/compression/RangeCoder;LZMA.442b/compression/LZ"/>
            <UnitOutputDirectory Value="lib/$(TargetCPU)-$(TargetOS)"/>
          </SearchPaths>
          <Parsing>
            <SyntaxOptions>
              <IncludeAssertionCode Value="True"/>
            </SyntaxOptions>
          </Parsing>
          <CodeGeneration>
            <Checks>
              <IOChecks Value="True"/>
              <RangeChecks Value="True"/>
              <OverflowChecks Value="True"/>
              <StackChecks Value="True"/>
            </Checks>
            <VerifyObjMethodCallValidity Value="True"/>
            <TargetCPU Value="x86_64"/>
            <TargetOS Value="win64"/>
          </CodeGeneration>
          <Linking>
            <Debugging>
              <DebugInfoType Value="dsDwarf3"/>
              <UseHeaptrc Value="True"/>
              <TrashVariables Value="True"/>
              <UseExternalDbgSyms Value="True"/>
            </Debugging>
            <Options>
              <Win32>
                <GraphicApplication Value="True"/>
              </Win32>
            </Options>
          </Linking>
        </CompilerOptions>
      </Item>
      <Item Name="Release-Linux-x64">
        <CompilerOptions>
          <Version Value="11"/>
          <Target>
            <Filename Value="release-$(TargetOS)-$(TargetCPU)"/>
          </Target>
          <SearchPaths>
            <IncludeFiles Value="$(ProjOutDir)"/>
            <OtherUnitFiles Value="LZMA.442b/compression/LZMA;LZMA.442b/compression/RangeCoder;LZMA.442b/compression/LZ"/>
            <UnitOutputDirectory Value="lib/$(TargetCPU)-$(TargetOS)"/>
          </SearchPaths>
          <CodeGeneration>
            <SmartLinkUnit Value="True"/>
            <TargetCPU Value="x86_64"/>
            <TargetOS Value="linux"/>
            <Optimizations>
              <OptimizationLevel Value="3"/>
            </Optimizations>
            <SmallerCode Value="True"/>
          </CodeGeneration>
          <Linking>
            <Debugging>
              <GenerateDebugInfo Value="False"/>
              <DebugInfoType Value="dsDwarf3"/>
            </Debugging>
            <LinkSmart Value="True"/>
            <Options>
              <Win32>
                <GraphicApplication Value="True"/>
              </Win32>
            </Options>
          </Linking>
        </CompilerOptions>
      </Item>
      <Item Name="Release-Windows-x64">
        <CompilerOptions>
          <Version Value="11"/>
          <Target>
            <Filename Value="release-$(TargetOS)-$(TargetCPU)"/>
          </Target>
          <SearchPaths>
            <IncludeFiles Value="$(ProjOutDir)"/>
            <OtherUnitFiles Value="LZMA.442b/compression/LZMA;LZMA.442b/compression/RangeCoder;LZMA.442b/compression/LZ"/>
            <UnitOutputDirectory Value="lib/$(TargetCPU)-$(TargetOS)"/>
          </SearchPaths>
          <CodeGeneration>
            <SmartLinkUnit Value="True"/>
            <TargetCPU Value="x86_64"/>
            <TargetOS Value="win64"/>
            <Optimizations>
              <OptimizationLevel Value="3"/>
            </Optimizations>
            <SmallerCode Value="True"/>
          </CodeGeneration>
          <Linking>
            <Debugging>
              <GenerateDebugInfo Value="False"/>
              <DebugInfoType Value="dsDwarf3"/>
            </Debugging>
            <LinkSmart Value="True"/>
            <Options>
              <Win32>
                <GraphicApplication Value="True"/>
              </Win32>
            </Options>
          </Linking>
        </CompilerOptions>
      </Item>
    </BuildModes>
    <PublishOptions>
      <Version Value="2"/>
      <UseFileFilters Value="True"/>
    </PublishOptions>
    <RunParams>
      <FormatVersion Value="2"/>
    </RunParams>
    <RequiredPackages>
      <Item>
        <PackageName Value="bgracontrols"/>
      </Item>
      <Item>
        <PackageName Value="LCL"/>
      </Item>
    </RequiredPackages>
    <Units>
      <Unit>
        <Filename Value="launcher.lpr"/>
        <IsPartOfProject Value="True"/>
        <UnitName Value="Launcher"/>
      </Unit>
      <Unit>
        <Filename Value="umainform.pas"/>
        <IsPartOfProject Value="True"/>
        <ComponentName Value="MainForm"/>
        <HasResources Value="True"/>
        <ResourceBaseClass Value="Form"/>
        <UnitName Value="UMainForm"/>
      </Unit>
      <Unit>
        <Filename Value="ubundle.pas"/>
        <IsPartOfProject Value="True"/>
        <UnitName Value="UBundle"/>
      </Unit>
      <Unit>
        <Filename Value="udecoder.pas"/>
        <IsPartOfProject Value="True"/>
        <UnitName Value="UDecoder"/>
      </Unit>
      <Unit>
        <Filename Value="udecoding.pas"/>
        <IsPartOfProject Value="True"/>
        <UnitName Value="UDecoding"/>
      </Unit>
      <Unit>
        <Filename Value="uprocessing.pas"/>
        <IsPartOfProject Value="True"/>
        <UnitName Value="UProcessing"/>
      </Unit>
      <Unit>
        <Filename Value="LZMA.442b/compression/LZMA/ULZMACommon.pas"/>
        <IsPartOfProject Value="True"/>
      </Unit>
      <Unit>
        <Filename Value="LZMA.442b/compression/LZMA/ULZMADecoder.pas"/>
        <IsPartOfProject Value="True"/>
      </Unit>
      <Unit>
        <Filename Value="LZMA.442b/compression/LZMA/ULZMABase.pas"/>
        <IsPartOfProject Value="True"/>
      </Unit>
      <Unit>
        <Filename Value="LZMA.442b/compression/RangeCoder/UBitTreeDecoder.pas"/>
        <IsPartOfProject Value="True"/>
      </Unit>
      <Unit>
        <Filename Value="LZMA.442b/compression/RangeCoder/URangeDecoder.pas"/>
        <IsPartOfProject Value="True"/>
      </Unit>
      <Unit>
        <Filename Value="LZMA.442b/compression/LZ/ULZOutWindow.pas"/>
        <IsPartOfProject Value="True"/>
      </Unit>
      <Unit>
        <Filename Value="LZMA.442b/compression/LZ/ULZBinTree.pas"/>
        <IsPartOfProject Value="True"/>
      </Unit>
      <Unit>
        <Filename Value="ufreelanceraccount.pas"/>
        <IsPartOfProject Value="True"/>
        <UnitName Value="UFreelancerAccount"/>
      </Unit>
      <Unit>
        <Filename Value="ufreelancerpatches.pas"/>
        <IsPartOfProject Value="True"/>
        <UnitName Value="UFreelancerPatches"/>
      </Unit>
      <Unit>
        <Filename Value="uformheader.pas"/>
        <IsPartOfProject Value="True"/>
        <UnitName Value="UFormHeader"/>
      </Unit>
      <Unit>
        <Filename Value="uresourceloading.pas"/>
        <IsPartOfProject Value="True"/>
        <UnitName Value="UResourceLoading"/>
      </Unit>
      <Unit>
        <Filename Value="uplayersonline.pas"/>
        <IsPartOfProject Value="True"/>
        <UnitName Value="UPlayersOnline"/>
      </Unit>
      <Unit>
        <Filename Value="urendertext.pas"/>
        <IsPartOfProject Value="True"/>
        <UnitName Value="URenderText"/>
      </Unit>
      <Unit>
        <Filename Value="uformfooter.pas"/>
        <IsPartOfProject Value="True"/>
        <UnitName Value="UFormFooter"/>
      </Unit>
      <Unit>
        <Filename Value="ubitmapbutton.pas"/>
        <IsPartOfProject Value="True"/>
        <UnitName Value="UBitmapButton"/>
      </Unit>
    </Units>
  </ProjectOptions>
  <CompilerOptions>
    <Version Value="11"/>
    <Target>
      <Filename Value="debug-$(TargetOS)-$(TargetCPU)"/>
    </Target>
    <SearchPaths>
      <IncludeFiles Value="$(ProjOutDir)"/>
      <OtherUnitFiles Value="LZMA.442b/compression/LZMA;LZMA.442b/compression/RangeCoder;LZMA.442b/compression/LZ"/>
      <UnitOutputDirectory Value="lib/$(TargetCPU)-$(TargetOS)"/>
    </SearchPaths>
    <Parsing>
      <SyntaxOptions>
        <IncludeAssertionCode Value="True"/>
      </SyntaxOptions>
    </Parsing>
    <CodeGeneration>
      <Checks>
        <IOChecks Value="True"/>
        <RangeChecks Value="True"/>
        <OverflowChecks Value="True"/>
        <StackChecks Value="True"/>
      </Checks>
      <VerifyObjMethodCallValidity Value="True"/>
      <TargetCPU Value="x86_64"/>
      <TargetOS Value="linux"/>
    </CodeGeneration>
    <Linking>
      <Debugging>
        <DebugInfoType Value="dsDwarf3"/>
        <UseHeaptrc Value="True"/>
        <TrashVariables Value="True"/>
        <UseExternalDbgSyms Value="True"/>
      </Debugging>
      <Options>
        <Win32>
          <GraphicApplication Value="True"/>
        </Win32>
      </Options>
    </Linking>
  </CompilerOptions>
  <Debugging>
    <Exceptions>
      <Item>
        <Name Value="EAbort"/>
      </Item>
      <Item>
        <Name Value="ECodetoolError"/>
      </Item>
      <Item>
        <Name Value="EFOpenError"/>
      </Item>
    </Exceptions>
  </Debugging>
</CONFIG>
